
Microsoft Visual Studio Solution File, Format Version 12.00
# Visual Studio Version 17
VisualStudioVersion = 17.4.33213.308
MinimumVisualStudioVersion = 10.0.40219.1
Project("{FAE04EC0-301F-11D3-BF4B-00C04F79EFBC}") = "NewsletterSubscriptionSimple", "NewsletterSubscriptionSimple\NewsletterSubscriptionSimple.csproj", "{DC6644F9-4A60-472C-9404-F542C2C9CDA1}"
EndProject
Global
	GlobalSection(SolutionConfigurationPlatforms) = preSolution
		Debug|Any CPU = Debug|Any CPU
		Release|Any CPU = Release|Any CPU
	EndGlobalSection
	GlobalSection(ProjectConfigurationPlatforms) = postSolution
		{DC6644F9-4A60-472C-9404-F542C2C9CDA1}.Debug|Any CPU.ActiveCfg = Debug|Any CPU
		{DC6644F9-4A60-472C-9404-F542C2C9CDA1}.Debug|Any CPU.Build.0 = Debug|Any CPU
		{DC6644F9-4A60-472C-9404-F542C2C9CDA1}.Release|Any CPU.ActiveCfg = Release|Any CPU
		{DC6644F9-4A60-472C-9404-F542C2C9CDA1}.Release|Any CPU.Build.0 = Release|Any CPU
	EndGlobalSection
	GlobalSection(SolutionProperties) = preSolution
		HideSolutionNode = FALSE
	EndGlobalSection
	GlobalSection(ExtensibilityGlobals) = postSolution
		SolutionGuid = {7E8FA509-26A6-4A7F-B571-E0691661A387}
	EndGlobalSection
EndGlobal
